{
  "name": "controller-callback",
  "version": "1.0.0",
  "lockfileVersion": 1,
  "requires": true,
  "dependencies": {
    "@types/countdown": {
      "version": "0.0.7",
      "resolved": "https://registry.npmjs.org/@types/countdown/-/countdown-0.0.7.tgz",
      "integrity": "sha512-Rsd5+gjrW5qRvpHFRrYKXwGTXGGxFaza96LU4uf5D7L5De9Hk3Ykj9lstxmExFuAPiueKCVFwidO3dO2zha0Sw=="
    },
    "api": {
      "version": "file:../common/api",
      "requires": {
        "crypto": "^1.0.1",
        "uni-id": "file:../common/uni-id"
      },
      "dependencies": {
        "crypto": {
          "version": "1.0.1",
          "bundled": true
        },
        "uni-id": {
          "version": "file:../common/uni-id",
          "bundled": true
        }
      }
    },
    "charenc": {
      "version": "0.0.2",
      "resolved": "https://registry.npmjs.org/charenc/-/charenc-0.0.2.tgz",
      "integrity": "sha1-wKHS86cJLgN3S/qD8UwPxXkKhmc="
    },
    "crypt": {
      "version": "0.0.2",
      "resolved": "https://registry.npmjs.org/crypt/-/crypt-0.0.2.tgz",
      "integrity": "sha1-iNf/fsDfuG9xPch7u0LQRNPmxBs="
    },
    "is-buffer": {
      "version": "1.1.6",
      "resolved": "https://registry.npmjs.org/is-buffer/-/is-buffer-1.1.6.tgz",
      "integrity": "sha512-NcdALwpXkTm5Zvvbk7owOUSvVvBKDgKP5/ewfXEznmQFfs4ZRmanOeKBTjRVjka3QFoN6XJ+9F3USqfHqTaU5w=="
    },
    "md5": {
      "version": "2.3.0",
      "resolved": "https://registry.npmjs.org/md5/-/md5-2.3.0.tgz",
      "integrity": "sha512-T1GITYmFaKuO91vxyoQMFETst+O71VUPEU3ze5GNzDm0OWdP8v1ziTaAEPUr/3kLsY3Sftgz242A1SetQiDL7g==",
      "requires": {
        "charenc": "0.0.2",
        "crypt": "0.0.2",
        "is-buffer": "~1.1.6"
      }
    },
    "qs": {
      "version": "6.9.4",
      "resolved": "https://registry.npmjs.org/qs/-/qs-6.9.4.tgz",
      "integrity": "sha512-A1kFqHekCTM7cz0udomYUoYNWjBebHm/5wzU/XqrBRBNWectVH0QIiN+NEcZ0Dte5hvzHwbr8+XQmguPhJ6WdQ=="
    },
    "rww-sass": {
      "version": "1.0.19",
      "resolved": "https://registry.npmjs.org/rww-sass/-/rww-sass-1.0.19.tgz",
      "integrity": "sha512-4Oqt2kajVpoHZqcV/HeRxPLiNmeHnaeyVMvrJzLLJUkviRbWhtpC4kluCTdl7Q/7fNFwWQI42FA8oqLW8t/FZg=="
    },
    "uni-id": {
      "version": "file:../common/uni-id"
    }
  }
}
