{
  "name": "controller-frontend",
  "version": "1.0.0",
  "lockfileVersion": 1,
  "requires": true,
  "dependencies": {
    "api": {
      "version": "file:../common/api",
      "requires": {
        "uni-id": "file:../common/uni-id"
      },
      "dependencies": {
        "uni-id": {
          "version": "file:../common/uni-id",
          "bundled": true
        }
      }
    }
  }
}
